// !$*UTF8*$!
{
	archiveVersion = 1;
	classes = {
	};
	objectVersion = 50;
	objects = {

/* Begin PBXBuildFile section */
		6C282BC122855902005E976C /* MYRIADPRO-SEMIBOLDIT.OTF in Resources */ = {isa = PBXBuildFile; fileRef = 6C282BBF228558C8005E976C /* MYRIADPRO-SEMIBOLDIT.OTF */; };
		6C282BC322855902005E976C /* MYRIADPRO-BOLD.OTF in Resources */ = {isa = PBXBuildFile; fileRef = 6C282BB6228558BB005E976C /* MYRIADPRO-BOLD.OTF */; };
		6C282BC422855902005E976C /* MYRIADPRO-BOLDCOND.OTF in Resources */ = {isa = PBXBuildFile; fileRef = 6C282BB7228558BB005E976C /* MYRIADPRO-BOLDCOND.OTF */; };
		6C282BC522855902005E976C /* MYRIADPRO-BOLDCONDIT.OTF in Resources */ = {isa = PBXBuildFile; fileRef = 6C282BBE228558BC005E976C /* MYRIADPRO-BOLDCONDIT.OTF */; };
		6C282BC622855902005E976C /* MYRIADPRO-BOLDIT.OTF in Resources */ = {isa = PBXBuildFile; fileRef = 6C282BB8228558BB005E976C /* MYRIADPRO-BOLDIT.OTF */; };
		6C282BC722855902005E976C /* MYRIADPRO-COND.OTF in Resources */ = {isa = PBXBuildFile; fileRef = 6C282BB9228558BB005E976C /* MYRIADPRO-COND.OTF */; };
		6C282BC822855902005E976C /* MYRIADPRO-CONDIT.OTF in Resources */ = {isa = PBXBuildFile; fileRef = 6C282BBA228558BB005E976C /* MYRIADPRO-CONDIT.OTF */; };
		6C282BC922855902005E976C /* MyriadPro-Light.otf in Resources */ = {isa = PBXBuildFile; fileRef = 6C282BBB228558BB005E976C /* MyriadPro-Light.otf */; };
		6C282BCA22855902005E976C /* MYRIADPRO-REGULAR.OTF in Resources */ = {isa = PBXBuildFile; fileRef = 6C282BBC228558BB005E976C /* MYRIADPRO-REGULAR.OTF */; };
		6C282BCB22855902005E976C /* MYRIADPRO-SEMIBOLD.OTF in Resources */ = {isa = PBXBuildFile; fileRef = 6C282BBD228558BB005E976C /* MYRIADPRO-SEMIBOLD.OTF */; };
		6C32864722858C67004CBF82 /* newsViewController.swift in Sources */ = {isa = PBXBuildFile; fileRef = 6C32864622858C67004CBF82 /* newsViewController.swift */; };
		6C66E86C01D61D44504BA961 /* Pods_UCSDNEWSTests.framework in Frameworks */ = {isa = PBXBuildFile; fileRef = 4C85154928DB064353005B80 /* Pods_UCSDNEWSTests.framework */; };
		6CB0FE4522976B2B00240ADB /* WebPageViewController.swift in Sources */ = {isa = PBXBuildFile; fileRef = 6CB0FE4422976B2B00240ADB /* WebPageViewController.swift */; };
		7C22E16250D6527E3E7D87A0 /* Pods_UCSDNEWSUITests.framework in Frameworks */ = {isa = PBXBuildFile; fileRef = 6A34753A4AEFA94D8C848EC8 /* Pods_UCSDNEWSUITests.framework */; };
		BAFE08C343ABD4D255587D27 /* Pods_UCSDNEWS_UCSDNEWSTests.framework in Frameworks */ = {isa = PBXBuildFile; fileRef = A4B05EEA470B914B50EC8FD6 /* Pods_UCSDNEWS_UCSDNEWSTests.framework */; };
		BD03AD4B19A0DAC22B40CF29 /* Pods_UCSDNEWS.framework in Frameworks */ = {isa = PBXBuildFile; fileRef = 417D2BB3409EF7A6F8A42539 /* Pods_UCSDNEWS.framework */; };
		EE0A53E1227E64A6000507CC /* AppDelegate.swift in Sources */ = {isa = PBXBuildFile; fileRef = EE0A53E0227E64A6000507CC /* AppDelegate.swift */; };
		EE0A53E6227E64A6000507CC /* Main.storyboard in Resources */ = {isa = PBXBuildFile; fileRef = EE0A53E4227E64A6000507CC /* Main.storyboard */; };
		EE0A53E8227E64A9000507CC /* Assets.xcassets in Resources */ = {isa = PBXBuildFile; fileRef = EE0A53E7227E64A9000507CC /* Assets.xcassets */; };
		EE0A53EB227E64A9000507CC /* LaunchScreen.storyboard in Resources */ = {isa = PBXBuildFile; fileRef = EE0A53E9227E64A9000507CC /* LaunchScreen.storyboard */; };
		EE0A53F6227E64AA000507CC /* UCSDNEWSTests.swift in Sources */ = {isa = PBXBuildFile; fileRef = EE0A53F5227E64AA000507CC /* UCSDNEWSTests.swift */; };
		EE0A5401227E64AA000507CC /* UCSDNEWSUITests.swift in Sources */ = {isa = PBXBuildFile; fileRef = EE0A5400227E64AA000507CC /* UCSDNEWSUITests.swift */; };
		EE0A540F227E7046000507CC /* MainViewController.swift in Sources */ = {isa = PBXBuildFile; fileRef = EE0A540E227E7046000507CC /* MainViewController.swift */; };
		EE445B7F228BA71900259754 /* NewsTableViewCell.swift in Sources */ = {isa = PBXBuildFile; fileRef = EE445B7E228BA71900259754 /* NewsTableViewCell.swift */; };
/* End PBXBuildFile section */

/* Begin PBXContainerItemProxy section */
		EE0A53F2227E64AA000507CC /* PBXContainerItemProxy */ = {
			isa = PBXContainerItemProxy;
			containerPortal = EE0A53D5227E64A6000507CC /* Project object */;
			proxyType = 1;
			remoteGlobalIDString = EE0A53DC227E64A6000507CC;
			remoteInfo = UCSDNEWS;
		};
		EE0A53FD227E64AA000507CC /* PBXContainerItemProxy */ = {
			isa = PBXContainerItemProxy;
			containerPortal = EE0A53D5227E64A6000507CC /* Project object */;
			proxyType = 1;
			remoteGlobalIDString = EE0A53DC227E64A6000507CC;
			remoteInfo = UCSDNEWS;
		};
/* End PBXContainerItemProxy section */

/* Begin PBXFileReference section */
		01996829C39CF1636110226B /* Pods-UCSDNEWSTests.release.xcconfig */ = {isa = PBXFileReference; includeInIndex = 1; lastKnownFileType = text.xcconfig; name = "Pods-UCSDNEWSTests.release.xcconfig"; path = "Target Support Files/Pods-UCSDNEWSTests/Pods-UCSDNEWSTests.release.xcconfig"; sourceTree = "<group>"; };
		417D2BB3409EF7A6F8A42539 /* Pods_UCSDNEWS.framework */ = {isa = PBXFileReference; explicitFileType = wrapper.framework; includeInIndex = 0; path = Pods_UCSDNEWS.framework; sourceTree = BUILT_PRODUCTS_DIR; };
		4C85154928DB064353005B80 /* Pods_UCSDNEWSTests.framework */ = {isa = PBXFileReference; explicitFileType = wrapper.framework; includeInIndex = 0; path = Pods_UCSDNEWSTests.framework; sourceTree = BUILT_PRODUCTS_DIR; };
		55DD9BD0B5F6DE4A5363D4A8 /* Pods-UCSDNEWS.release.xcconfig */ = {isa = PBXFileReference; includeInIndex = 1; lastKnownFileType = text.xcconfig; name = "Pods-UCSDNEWS.release.xcconfig"; path = "Target Support Files/Pods-UCSDNEWS/Pods-UCSDNEWS.release.xcconfig"; sourceTree = "<group>"; };
		693440B1BB5874596A7FE8E7 /* Pods-UCSDNEWSUITests.debug.xcconfig */ = {isa = PBXFileReference; includeInIndex = 1; lastKnownFileType = text.xcconfig; name = "Pods-UCSDNEWSUITests.debug.xcconfig"; path = "Target Support Files/Pods-UCSDNEWSUITests/Pods-UCSDNEWSUITests.debug.xcconfig"; sourceTree = "<group>"; };
		6A34753A4AEFA94D8C848EC8 /* Pods_UCSDNEWSUITests.framework */ = {isa = PBXFileReference; explicitFileType = wrapper.framework; includeInIndex = 0; path = Pods_UCSDNEWSUITests.framework; sourceTree = BUILT_PRODUCTS_DIR; };
		6C282BB6228558BB005E976C /* MYRIADPRO-BOLD.OTF */ = {isa = PBXFileReference; lastKnownFileType = file; path = "MYRIADPRO-BOLD.OTF"; sourceTree = "<group>"; };
		6C282BB7228558BB005E976C /* MYRIADPRO-BOLDCOND.OTF */ = {isa = PBXFileReference; lastKnownFileType = file; path = "MYRIADPRO-BOLDCOND.OTF"; sourceTree = "<group>"; };
		6C282BB8228558BB005E976C /* MYRIADPRO-BOLDIT.OTF */ = {isa = PBXFileReference; lastKnownFileType = file; path = "MYRIADPRO-BOLDIT.OTF"; sourceTree = "<group>"; };
		6C282BB9228558BB005E976C /* MYRIADPRO-COND.OTF */ = {isa = PBXFileReference; lastKnownFileType = file; path = "MYRIADPRO-COND.OTF"; sourceTree = "<group>"; };
		6C282BBA228558BB005E976C /* MYRIADPRO-CONDIT.OTF */ = {isa = PBXFileReference; lastKnownFileType = file; path = "MYRIADPRO-CONDIT.OTF"; sourceTree = "<group>"; };
		6C282BBB228558BB005E976C /* MyriadPro-Light.otf */ = {isa = PBXFileReference; lastKnownFileType = file; path = "MyriadPro-Light.otf"; sourceTree = "<group>"; };
		6C282BBC228558BB005E976C /* MYRIADPRO-REGULAR.OTF */ = {isa = PBXFileReference; lastKnownFileType = file; path = "MYRIADPRO-REGULAR.OTF"; sourceTree = "<group>"; };
		6C282BBD228558BB005E976C /* MYRIADPRO-SEMIBOLD.OTF */ = {isa = PBXFileReference; lastKnownFileType = file; path = "MYRIADPRO-SEMIBOLD.OTF"; sourceTree = "<group>"; };
		6C282BBE228558BC005E976C /* MYRIADPRO-BOLDCONDIT.OTF */ = {isa = PBXFileReference; lastKnownFileType = file; path = "MYRIADPRO-BOLDCONDIT.OTF"; sourceTree = "<group>"; };
		6C282BBF228558C8005E976C /* MYRIADPRO-SEMIBOLDIT.OTF */ = {isa = PBXFileReference; lastKnownFileType = file; path = "MYRIADPRO-SEMIBOLDIT.OTF"; sourceTree = "<group>"; };
		6C32864622858C67004CBF82 /* newsViewController.swift */ = {isa = PBXFileReference; lastKnownFileType = sourcecode.swift; path = newsViewController.swift; sourceTree = "<group>"; };
		6CB0FE4422976B2B00240ADB /* WebPageViewController.swift */ = {isa = PBXFileReference; lastKnownFileType = sourcecode.swift; path = WebPageViewController.swift; sourceTree = "<group>"; };
		7466E45BE8E0816CD6143B64 /* Pods-UCSDNEWSTests.debug.xcconfig */ = {isa = PBXFileReference; includeInIndex = 1; lastKnownFileType = text.xcconfig; name = "Pods-UCSDNEWSTests.debug.xcconfig"; path = "Target Support Files/Pods-UCSDNEWSTests/Pods-UCSDNEWSTests.debug.xcconfig"; sourceTree = "<group>"; };
		9C0940228234E4782B16AFFE /* Pods-UCSDNEWSUITests.release.xcconfig */ = {isa = PBXFileReference; includeInIndex = 1; lastKnownFileType = text.xcconfig; name = "Pods-UCSDNEWSUITests.release.xcconfig"; path = "Target Support Files/Pods-UCSDNEWSUITests/Pods-UCSDNEWSUITests.release.xcconfig"; sourceTree = "<group>"; };
		A4B05EEA470B914B50EC8FD6 /* Pods_UCSDNEWS_UCSDNEWSTests.framework */ = {isa = PBXFileReference; explicitFileType = wrapper.framework; includeInIndex = 0; path = Pods_UCSDNEWS_UCSDNEWSTests.framework; sourceTree = BUILT_PRODUCTS_DIR; };
		C3803427856C8069B161F8EF /* Pods-UCSDNEWS-UCSDNEWSTests.debug.xcconfig */ = {isa = PBXFileReference; includeInIndex = 1; lastKnownFileType = text.xcconfig; name = "Pods-UCSDNEWS-UCSDNEWSTests.debug.xcconfig"; path = "Target Support Files/Pods-UCSDNEWS-UCSDNEWSTests/Pods-UCSDNEWS-UCSDNEWSTests.debug.xcconfig"; sourceTree = "<group>"; };
		DCC80397FD769C29944E8FE9 /* Pods-UCSDNEWS-UCSDNEWSTests.release.xcconfig */ = {isa = PBXFileReference; includeInIndex = 1; lastKnownFileType = text.xcconfig; name = "Pods-UCSDNEWS-UCSDNEWSTests.release.xcconfig"; path = "Target Support Files/Pods-UCSDNEWS-UCSDNEWSTests/Pods-UCSDNEWS-UCSDNEWSTests.release.xcconfig"; sourceTree = "<group>"; };
		EE0A53DD227E64A6000507CC /* UCSDNEWS.app */ = {isa = PBXFileReference; explicitFileType = wrapper.application; includeInIndex = 0; path = UCSDNEWS.app; sourceTree = BUILT_PRODUCTS_DIR; };
		EE0A53E0227E64A6000507CC /* AppDelegate.swift */ = {isa = PBXFileReference; lastKnownFileType = sourcecode.swift; path = AppDelegate.swift; sourceTree = "<group>"; };
		EE0A53E5227E64A6000507CC /* Base */ = {isa = PBXFileReference; lastKnownFileType = file.storyboard; name = Base; path = Base.lproj/Main.storyboard; sourceTree = "<group>"; };
		EE0A53E7227E64A9000507CC /* Assets.xcassets */ = {isa = PBXFileReference; lastKnownFileType = folder.assetcatalog; path = Assets.xcassets; sourceTree = "<group>"; };
		EE0A53EA227E64A9000507CC /* Base */ = {isa = PBXFileReference; lastKnownFileType = file.storyboard; name = Base; path = Base.lproj/LaunchScreen.storyboard; sourceTree = "<group>"; };
		EE0A53EC227E64A9000507CC /* Info.plist */ = {isa = PBXFileReference; lastKnownFileType = text.plist.xml; path = Info.plist; sourceTree = "<group>"; };
		EE0A53F1227E64AA000507CC /* UCSDNEWSTests.xctest */ = {isa = PBXFileReference; explicitFileType = wrapper.cfbundle; includeInIndex = 0; path = UCSDNEWSTests.xctest; sourceTree = BUILT_PRODUCTS_DIR; };
		EE0A53F5227E64AA000507CC /* UCSDNEWSTests.swift */ = {isa = PBXFileReference; lastKnownFileType = sourcecode.swift; path = UCSDNEWSTests.swift; sourceTree = "<group>"; };
		EE0A53F7227E64AA000507CC /* Info.plist */ = {isa = PBXFileReference; lastKnownFileType = text.plist.xml; path = Info.plist; sourceTree = "<group>"; };
		EE0A53FC227E64AA000507CC /* UCSDNEWSUITests.xctest */ = {isa = PBXFileReference; explicitFileType = wrapper.cfbundle; includeInIndex = 0; path = UCSDNEWSUITests.xctest; sourceTree = BUILT_PRODUCTS_DIR; };
		EE0A5400227E64AA000507CC /* UCSDNEWSUITests.swift */ = {isa = PBXFileReference; lastKnownFileType = sourcecode.swift; path = UCSDNEWSUITests.swift; sourceTree = "<group>"; };
		EE0A5402227E64AA000507CC /* Info.plist */ = {isa = PBXFileReference; lastKnownFileType = text.plist.xml; path = Info.plist; sourceTree = "<group>"; };
		EE0A540E227E7046000507CC /* MainViewController.swift */ = {isa = PBXFileReference; lastKnownFileType = sourcecode.swift; path = MainViewController.swift; sourceTree = "<group>"; };
		EE445B7E228BA71900259754 /* NewsTableViewCell.swift */ = {isa = PBXFileReference; lastKnownFileType = sourcecode.swift; path = NewsTableViewCell.swift; sourceTree = "<group>"; };
		F872845748E56B1791A20CCD /* Pods-UCSDNEWS.debug.xcconfig */ = {isa = PBXFileReference; includeInIndex = 1; lastKnownFileType = text.xcconfig; name = "Pods-UCSDNEWS.debug.xcconfig"; path = "Target Support Files/Pods-UCSDNEWS/Pods-UCSDNEWS.debug.xcconfig"; sourceTree = "<group>"; };
/* End PBXFileReference section */

/* Begin PBXFrameworksBuildPhase section */
		EE0A53DA227E64A6000507CC /* Frameworks */ = {
			isa = PBXFrameworksBuildPhase;
			buildActionMask = 2147483647;
			files = (
				BD03AD4B19A0DAC22B40CF29 /* Pods_UCSDNEWS.framework in Frameworks */,
			);
			runOnlyForDeploymentPostprocessing = 0;
		};
		EE0A53EE227E64AA000507CC /* Frameworks */ = {
			isa = PBXFrameworksBuildPhase;
			buildActionMask = 2147483647;
			files = (
				6C66E86C01D61D44504BA961 /* Pods_UCSDNEWSTests.framework in Frameworks */,
				BAFE08C343ABD4D255587D27 /* Pods_UCSDNEWS_UCSDNEWSTests.framework in Frameworks */,
			);
			runOnlyForDeploymentPostprocessing = 0;
		};
		EE0A53F9227E64AA000507CC /* Frameworks */ = {
			isa = PBXFrameworksBuildPhase;
			buildActionMask = 2147483647;
			files = (
				7C22E16250D6527E3E7D87A0 /* Pods_UCSDNEWSUITests.framework in Frameworks */,
			);
			runOnlyForDeploymentPostprocessing = 0;
		};
/* End PBXFrameworksBuildPhase section */

/* Begin PBXGroup section */
		0A2198EB9019637AE0DE1FAB /* Pods */ = {
			isa = PBXGroup;
			children = (
				F872845748E56B1791A20CCD /* Pods-UCSDNEWS.debug.xcconfig */,
				55DD9BD0B5F6DE4A5363D4A8 /* Pods-UCSDNEWS.release.xcconfig */,
				7466E45BE8E0816CD6143B64 /* Pods-UCSDNEWSTests.debug.xcconfig */,
				01996829C39CF1636110226B /* Pods-UCSDNEWSTests.release.xcconfig */,
				693440B1BB5874596A7FE8E7 /* Pods-UCSDNEWSUITests.debug.xcconfig */,
				9C0940228234E4782B16AFFE /* Pods-UCSDNEWSUITests.release.xcconfig */,
				C3803427856C8069B161F8EF /* Pods-UCSDNEWS-UCSDNEWSTests.debug.xcconfig */,
				DCC80397FD769C29944E8FE9 /* Pods-UCSDNEWS-UCSDNEWSTests.release.xcconfig */,
			);
			path = Pods;
			sourceTree = "<group>";
		};
		6C282BB5228558B2005E976C /* Fonts */ = {
			isa = PBXGroup;
			children = (
				6C282BBF228558C8005E976C /* MYRIADPRO-SEMIBOLDIT.OTF */,
				6C282BB6228558BB005E976C /* MYRIADPRO-BOLD.OTF */,
				6C282BB7228558BB005E976C /* MYRIADPRO-BOLDCOND.OTF */,
				6C282BBE228558BC005E976C /* MYRIADPRO-BOLDCONDIT.OTF */,
				6C282BB8228558BB005E976C /* MYRIADPRO-BOLDIT.OTF */,
				6C282BB9228558BB005E976C /* MYRIADPRO-COND.OTF */,
				6C282BBA228558BB005E976C /* MYRIADPRO-CONDIT.OTF */,
				6C282BBB228558BB005E976C /* MyriadPro-Light.otf */,
				6C282BBC228558BB005E976C /* MYRIADPRO-REGULAR.OTF */,
				6C282BBD228558BB005E976C /* MYRIADPRO-SEMIBOLD.OTF */,
			);
			path = Fonts;
			sourceTree = "<group>";
		};
		937A693611F8ED9C93C1159A /* Frameworks */ = {
			isa = PBXGroup;
			children = (
				417D2BB3409EF7A6F8A42539 /* Pods_UCSDNEWS.framework */,
				4C85154928DB064353005B80 /* Pods_UCSDNEWSTests.framework */,
				6A34753A4AEFA94D8C848EC8 /* Pods_UCSDNEWSUITests.framework */,
				A4B05EEA470B914B50EC8FD6 /* Pods_UCSDNEWS_UCSDNEWSTests.framework */,
			);
			name = Frameworks;
			sourceTree = "<group>";
		};
		EE0A53D4227E64A6000507CC = {
			isa = PBXGroup;
			children = (
				6C282BB5228558B2005E976C /* Fonts */,
				EE0A53DF227E64A6000507CC /* UCSDNEWS */,
				EE0A53F4227E64AA000507CC /* UCSDNEWSTests */,
				EE0A53FF227E64AA000507CC /* UCSDNEWSUITests */,
				EE0A53DE227E64A6000507CC /* Products */,
				0A2198EB9019637AE0DE1FAB /* Pods */,
				937A693611F8ED9C93C1159A /* Frameworks */,
			);
			sourceTree = "<group>";
		};
		EE0A53DE227E64A6000507CC /* Products */ = {
			isa = PBXGroup;
			children = (
				EE0A53DD227E64A6000507CC /* UCSDNEWS.app */,
				EE0A53F1227E64AA000507CC /* UCSDNEWSTests.xctest */,
				EE0A53FC227E64AA000507CC /* UCSDNEWSUITests.xctest */,
			);
			name = Products;
			sourceTree = "<group>";
		};
		EE0A53DF227E64A6000507CC /* UCSDNEWS */ = {
			isa = PBXGroup;
			children = (
				EE0A53E0227E64A6000507CC /* AppDelegate.swift */,
				EE0A53E4227E64A6000507CC /* Main.storyboard */,
				6C32864622858C67004CBF82 /* newsViewController.swift */,
				EE0A53E7227E64A9000507CC /* Assets.xcassets */,
				EE0A53E9227E64A9000507CC /* LaunchScreen.storyboard */,
				EE0A53EC227E64A9000507CC /* Info.plist */,
				EE0A540E227E7046000507CC /* MainViewController.swift */,
				EE445B7E228BA71900259754 /* NewsTableViewCell.swift */,
				6CB0FE4422976B2B00240ADB /* WebPageViewController.swift */,
			);
			path = UCSDNEWS;
			sourceTree = "<group>";
		};
		EE0A53F4227E64AA000507CC /* UCSDNEWSTests */ = {
			isa = PBXGroup;
			children = (
				EE0A53F5227E64AA000507CC /* UCSDNEWSTests.swift */,
				EE0A53F7227E64AA000507CC /* Info.plist */,
			);
			path = UCSDNEWSTests;
			sourceTree = "<group>";
		};
		EE0A53FF227E64AA000507CC /* UCSDNEWSUITests */ = {
			isa = PBXGroup;
			children = (
				EE0A5400227E64AA000507CC /* UCSDNEWSUITests.swift */,
				EE0A5402227E64AA000507CC /* Info.plist */,
			);
			path = UCSDNEWSUITests;
			sourceTree = "<group>";
		};
/* End PBXGroup section */

/* Begin PBXNativeTarget section */
		EE0A53DC227E64A6000507CC /* UCSDNEWS */ = {
			isa = PBXNativeTarget;
			buildConfigurationList = EE0A5405227E64AA000507CC /* Build configuration list for PBXNativeTarget "UCSDNEWS" */;
			buildPhases = (
				34F40E52769611AB8F6F6FAF /* [CP] Check Pods Manifest.lock */,
				EE0A53D9227E64A6000507CC /* Sources */,
				EE0A53DA227E64A6000507CC /* Frameworks */,
				EE0A53DB227E64A6000507CC /* Resources */,
				6C6EF14CB25535C8FCB6F1EF /* [CP] Embed Pods Frameworks */,
			);
			buildRules = (
			);
			dependencies = (
			);
			name = UCSDNEWS;
			productName = UCSDNEWS;
			productReference = EE0A53DD227E64A6000507CC /* UCSDNEWS.app */;
			productType = "com.apple.product-type.application";
		};
		EE0A53F0227E64AA000507CC /* UCSDNEWSTests */ = {
			isa = PBXNativeTarget;
			buildConfigurationList = EE0A5408227E64AA000507CC /* Build configuration list for PBXNativeTarget "UCSDNEWSTests" */;
			buildPhases = (
				A429DAC03F27492C8838EB56 /* [CP] Check Pods Manifest.lock */,
				EE0A53ED227E64AA000507CC /* Sources */,
				EE0A53EE227E64AA000507CC /* Frameworks */,
				EE0A53EF227E64AA000507CC /* Resources */,
			);
			buildRules = (
			);
			dependencies = (
				EE0A53F3227E64AA000507CC /* PBXTargetDependency */,
			);
			name = UCSDNEWSTests;
			productName = UCSDNEWSTests;
			productReference = EE0A53F1227E64AA000507CC /* UCSDNEWSTests.xctest */;
			productType = "com.apple.product-type.bundle.unit-test";
		};
		EE0A53FB227E64AA000507CC /* UCSDNEWSUITests */ = {
			isa = PBXNativeTarget;
			buildConfigurationList = EE0A540B227E64AA000507CC /* Build configuration list for PBXNativeTarget "UCSDNEWSUITests" */;
			buildPhases = (
				4632F3142AC4D58C38BE03D4 /* [CP] Check Pods Manifest.lock */,
				EE0A53F8227E64AA000507CC /* Sources */,
				EE0A53F9227E64AA000507CC /* Frameworks */,
				EE0A53FA227E64AA000507CC /* Resources */,
			);
			buildRules = (
			);
			dependencies = (
				EE0A53FE227E64AA000507CC /* PBXTargetDependency */,
			);
			name = UCSDNEWSUITests;
			productName = UCSDNEWSUITests;
			productReference = EE0A53FC227E64AA000507CC /* UCSDNEWSUITests.xctest */;
			productType = "com.apple.product-type.bundle.ui-testing";
		};
/* End PBXNativeTarget section */

/* Begin PBXProject section */
		EE0A53D5227E64A6000507CC /* Project object */ = {
			isa = PBXProject;
			attributes = {
				LastSwiftUpdateCheck = 1010;
				LastUpgradeCheck = 1010;
				TargetAttributes = {
					EE0A53DC227E64A6000507CC = {
						CreatedOnToolsVersion = 10.1;
					};
					EE0A53F0227E64AA000507CC = {
						CreatedOnToolsVersion = 10.1;
						TestTargetID = EE0A53DC227E64A6000507CC;
					};
					EE0A53FB227E64AA000507CC = {
						CreatedOnToolsVersion = 10.1;
						TestTargetID = EE0A53DC227E64A6000507CC;
					};
				};
			};
			buildConfigurationList = EE0A53D8227E64A6000507CC /* Build configuration list for PBXProject "UCSDNEWS" */;
			compatibilityVersion = "Xcode 9.3";
			developmentRegion = en;
			hasScannedForEncodings = 0;
			knownRegions = (
				en,
				Base,
			);
			mainGroup = EE0A53D4227E64A6000507CC;
			productRefGroup = EE0A53DE227E64A6000507CC /* Products */;
			projectDirPath = "";
			projectRoot = "";
			targets = (
				EE0A53DC227E64A6000507CC /* UCSDNEWS */,
				EE0A53F0227E64AA000507CC /* UCSDNEWSTests */,
				EE0A53FB227E64AA000507CC /* UCSDNEWSUITests */,
			);
		};
/* End PBXProject section */

/* Begin PBXResourcesBuildPhase section */
		EE0A53DB227E64A6000507CC /* Resources */ = {
			isa = PBXResourcesBuildPhase;
			buildActionMask = 2147483647;
			files = (
				6C282BC822855902005E976C /* MYRIADPRO-CONDIT.OTF in Resources */,
				6C282BC322855902005E976C /* MYRIADPRO-BOLD.OTF in Resources */,
				6C282BC922855902005E976C /* MyriadPro-Light.otf in Resources */,
				6C282BC422855902005E976C /* MYRIADPRO-BOLDCOND.OTF in Resources */,
				EE0A53EB227E64A9000507CC /* LaunchScreen.storyboard in Resources */,
				6C282BCB22855902005E976C /* MYRIADPRO-SEMIBOLD.OTF in Resources */,
				EE0A53E8227E64A9000507CC /* Assets.xcassets in Resources */,
				6C282BC522855902005E976C /* MYRIADPRO-BOLDCONDIT.OTF in Resources */,
				6C282BCA22855902005E976C /* MYRIADPRO-REGULAR.OTF in Resources */,
				EE0A53E6227E64A6000507CC /* Main.storyboard in Resources */,
				6C282BC622855902005E976C /* MYRIADPRO-BOLDIT.OTF in Resources */,
				6C282BC122855902005E976C /* MYRIADPRO-SEMIBOLDIT.OTF in Resources */,
				6C282BC722855902005E976C /* MYRIADPRO-COND.OTF in Resources */,
			);
			runOnlyForDeploymentPostprocessing = 0;
		};
		EE0A53EF227E64AA000507CC /* Resources */ = {
			isa = PBXResourcesBuildPhase;
			buildActionMask = 2147483647;
			files = (
			);
			runOnlyForDeploymentPostprocessing = 0;
		};
		EE0A53FA227E64AA000507CC /* Resources */ = {
			isa = PBXResourcesBuildPhase;
			buildActionMask = 2147483647;
			files = (
			);
			runOnlyForDeploymentPostprocessing = 0;
		};
/* End PBXResourcesBuildPhase section */

/* Begin PBXShellScriptBuildPhase section */
		34F40E52769611AB8F6F6FAF /* [CP] Check Pods Manifest.lock */ = {
			isa = PBXShellScriptBuildPhase;
			buildActionMask = 2147483647;
			files = (
			);
			inputFileListPaths = (
			);
			inputPaths = (
				"${PODS_PODFILE_DIR_PATH}/Podfile.lock",
				"${PODS_ROOT}/Manifest.lock",
			);
			name = "[CP] Check Pods Manifest.lock";
			outputFileListPaths = (
			);
			outputPaths = (
				"$(DERIVED_FILE_DIR)/Pods-UCSDNEWS-checkManifestLockResult.txt",
			);
			runOnlyForDeploymentPostprocessing = 0;
			shellPath = /bin/sh;
			shellScript = "diff \"${PODS_PODFILE_DIR_PATH}/Podfile.lock\" \"${PODS_ROOT}/Manifest.lock\" > /dev/null\nif [ $? != 0 ] ; then\n    # print error to STDERR\n    echo \"error: The sandbox is not in sync with the Podfile.lock. Run 'pod install' or update your CocoaPods installation.\" >&2\n    exit 1\nfi\n# This output is used by Xcode 'outputs' to avoid re-running this script phase.\necho \"SUCCESS\" > \"${SCRIPT_OUTPUT_FILE_0}\"\n";
			showEnvVarsInLog = 0;
		};
		4632F3142AC4D58C38BE03D4 /* [CP] Check Pods Manifest.lock */ = {
			isa = PBXShellScriptBuildPhase;
			buildActionMask = 2147483647;
			files = (
			);
			inputFileListPaths = (
			);
			inputPaths = (
				"${PODS_PODFILE_DIR_PATH}/Podfile.lock",
				"${PODS_ROOT}/Manifest.lock",
			);
			name = "[CP] Check Pods Manifest.lock";
			outputFileListPaths = (
			);
			outputPaths = (
				"$(DERIVED_FILE_DIR)/Pods-UCSDNEWSUITests-checkManifestLockResult.txt",
			);
			runOnlyForDeploymentPostprocessing = 0;
			shellPath = /bin/sh;
			shellScript = "diff \"${PODS_PODFILE_DIR_PATH}/Podfile.lock\" \"${PODS_ROOT}/Manifest.lock\" > /dev/null\nif [ $? != 0 ] ; then\n    # print error to STDERR\n    echo \"error: The sandbox is not in sync with the Podfile.lock. Run 'pod install' or update your CocoaPods installation.\" >&2\n    exit 1\nfi\n# This output is used by Xcode 'outputs' to avoid re-running this script phase.\necho \"SUCCESS\" > \"${SCRIPT_OUTPUT_FILE_0}\"\n";
			showEnvVarsInLog = 0;
		};
		6C6EF14CB25535C8FCB6F1EF /* [CP] Embed Pods Frameworks */ = {
			isa = PBXShellScriptBuildPhase;
			buildActionMask = 2147483647;
			files = (
			);
			inputFileListPaths = (
			);
			inputPaths = (
				"${PODS_ROOT}/Target Support Files/Pods-UCSDNEWS/Pods-UCSDNEWS-frameworks.sh",
				"${BUILT_PRODUCTS_DIR}/Alamofire/Alamofire.framework",
				"${BUILT_PRODUCTS_DIR}/AlamofireImage/AlamofireImage.framework",
			);
			name = "[CP] Embed Pods Frameworks";
			outputFileListPaths = (
			);
			outputPaths = (
				"${TARGET_BUILD_DIR}/${FRAMEWORKS_FOLDER_PATH}/Alamofire.framework",
				"${TARGET_BUILD_DIR}/${FRAMEWORKS_FOLDER_PATH}/AlamofireImage.framework",
			);
			runOnlyForDeploymentPostprocessing = 0;
			shellPath = /bin/sh;
			shellScript = "\"${PODS_ROOT}/Target Support Files/Pods-UCSDNEWS/Pods-UCSDNEWS-frameworks.sh\"\n";
			showEnvVarsInLog = 0;
		};
		A429DAC03F27492C8838EB56 /* [CP] Check Pods Manifest.lock */ = {
			isa = PBXShellScriptBuildPhase;
			buildActionMask = 2147483647;
			files = (
			);
			inputFileListPaths = (
			);
			inputPaths = (
				"${PODS_PODFILE_DIR_PATH}/Podfile.lock",
				"${PODS_ROOT}/Manifest.lock",
			);
			name = "[CP] Check Pods Manifest.lock";
			outputFileListPaths = (
			);
			outputPaths = (
				"$(DERIVED_FILE_DIR)/Pods-UCSDNEWSTests-checkManifestLockResult.txt",
			);
			runOnlyForDeploymentPostprocessing = 0;
			shellPath = /bin/sh;
			shellScript = "diff \"${PODS_PODFILE_DIR_PATH}/Podfile.lock\" \"${PODS_ROOT}/Manifest.lock\" > /dev/null\nif [ $? != 0 ] ; then\n    # print error to STDERR\n    echo \"error: The sandbox is not in sync with the Podfile.lock. Run 'pod install' or update your CocoaPods installation.\" >&2\n    exit 1\nfi\n# This output is used by Xcode 'outputs' to avoid re-running this script phase.\necho \"SUCCESS\" > \"${SCRIPT_OUTPUT_FILE_0}\"\n";
			showEnvVarsInLog = 0;
		};
/* End PBXShellScriptBuildPhase section */

/* Begin PBXSourcesBuildPhase section */
		EE0A53D9227E64A6000507CC /* Sources */ = {
			isa = PBXSourcesBuildPhase;
			buildActionMask = 2147483647;
			files = (
				EE0A53E1227E64A6000507CC /* AppDelegate.swift in Sources */,
				EE0A540F227E7046000507CC /* MainViewController.swift in Sources */,
				EE445B7F228BA71900259754 /* NewsTableViewCell.swift in Sources */,
				6CB0FE4522976B2B00240ADB /* WebPageViewController.swift in Sources */,
				6C32864722858C67004CBF82 /* newsViewController.swift in Sources */,
			);
			runOnlyForDeploymentPostprocessing = 0;
		};
		EE0A53ED227E64AA000507CC /* Sources */ = {
			isa = PBXSourcesBuildPhase;
			buildActionMask = 2147483647;
			files = (
				EE0A53F6227E64AA000507CC /* UCSDNEWSTests.swift in Sources */,
			);
			runOnlyForDeploymentPostprocessing = 0;
		};
		EE0A53F8227E64AA000507CC /* Sources */ = {
			isa = PBXSourcesBuildPhase;
			buildActionMask = 2147483647;
			files = (
				EE0A5401227E64AA000507CC /* UCSDNEWSUITests.swift in Sources */,
			);
			runOnlyForDeploymentPostprocessing = 0;
		};
/* End PBXSourcesBuildPhase section */

/* Begin PBXTargetDependency section */
		EE0A53F3227E64AA000507CC /* PBXTargetDependency */ = {
			isa = PBXTargetDependency;
			target = EE0A53DC227E64A6000507CC /* UCSDNEWS */;
			targetProxy = EE0A53F2227E64AA000507CC /* PBXContainerItemProxy */;
		};
		EE0A53FE227E64AA000507CC /* PBXTargetDependency */ = {
			isa = PBXTargetDependency;
			target = EE0A53DC227E64A6000507CC /* UCSDNEWS */;
			targetProxy = EE0A53FD227E64AA000507CC /* PBXContainerItemProxy */;
		};
/* End PBXTargetDependency section */

/* Begin PBXVariantGroup section */
		EE0A53E4227E64A6000507CC /* Main.storyboard */ = {
			isa = PBXVariantGroup;
			children = (
				EE0A53E5227E64A6000507CC /* Base */,
			);
			name = Main.storyboard;
			sourceTree = "<group>";
		};
		EE0A53E9227E64A9000507CC /* LaunchScreen.storyboard */ = {
			isa = PBXVariantGroup;
			children = (
				EE0A53EA227E64A9000507CC /* Base */,
			);
			name = LaunchScreen.storyboard;
			sourceTree = "<group>";
		};
/* End PBXVariantGroup section */

/* Begin XCBuildConfiguration section */
		EE0A5403227E64AA000507CC /* Debug */ = {
			isa = XCBuildConfiguration;
			buildSettings = {
				ALWAYS_SEARCH_USER_PATHS = NO;
				CLANG_ANALYZER_NONNULL = YES;
				CLANG_ANALYZER_NUMBER_OBJECT_CONVERSION = YES_AGGRESSIVE;
				CLANG_CXX_LANGUAGE_STANDARD = "gnu++14";
				CLANG_CXX_LIBRARY = "libc++";
				CLANG_ENABLE_MODULES = YES;
				CLANG_ENABLE_OBJC_ARC = YES;
				CLANG_ENABLE_OBJC_WEAK = YES;
				CLANG_WARN_BLOCK_CAPTURE_AUTORELEASING = YES;
				CLANG_WARN_BOOL_CONVERSION = YES;
				CLANG_WARN_COMMA = YES;
				CLANG_WARN_CONSTANT_CONVERSION = YES;
				CLANG_WARN_DEPRECATED_OBJC_IMPLEMENTATIONS = YES;
				CLANG_WARN_DIRECT_OBJC_ISA_USAGE = YES_ERROR;
				CLANG_WARN_DOCUMENTATION_COMMENTS = YES;
				CLANG_WARN_EMPTY_BODY = YES;
				CLANG_WARN_ENUM_CONVERSION = YES;
				CLANG_WARN_INFINITE_RECURSION = YES;
				CLANG_WARN_INT_CONVERSION = YES;
				CLANG_WARN_NON_LITERAL_NULL_CONVERSION = YES;
				CLANG_WARN_OBJC_IMPLICIT_RETAIN_SELF = YES;
				CLANG_WARN_OBJC_LITERAL_CONVERSION = YES;
				CLANG_WARN_OBJC_ROOT_CLASS = YES_ERROR;
				CLANG_WARN_RANGE_LOOP_ANALYSIS = YES;
				CLANG_WARN_STRICT_PROTOTYPES = YES;
				CLANG_WARN_SUSPICIOUS_MOVE = YES;
				CLANG_WARN_UNGUARDED_AVAILABILITY = YES_AGGRESSIVE;
				CLANG_WARN_UNREACHABLE_CODE = YES;
				CLANG_WARN__DUPLICATE_METHOD_MATCH = YES;
				CODE_SIGN_IDENTITY = "iPhone Developer";
				COPY_PHASE_STRIP = NO;
				DEBUG_INFORMATION_FORMAT = dwarf;
				ENABLE_STRICT_OBJC_MSGSEND = YES;
				ENABLE_TESTABILITY = YES;
				GCC_C_LANGUAGE_STANDARD = gnu11;
				GCC_DYNAMIC_NO_PIC = NO;
				GCC_NO_COMMON_BLOCKS = YES;
				GCC_OPTIMIZATION_LEVEL = 0;
				GCC_PREPROCESSOR_DEFINITIONS = (
					"DEBUG=1",
					"$(inherited)",
				);
				GCC_WARN_64_TO_32_BIT_CONVERSION = YES;
				GCC_WARN_ABOUT_RETURN_TYPE = YES_ERROR;
				GCC_WARN_UNDECLARED_SELECTOR = YES;
				GCC_WARN_UNINITIALIZED_AUTOS = YES_AGGRESSIVE;
				GCC_WARN_UNUSED_FUNCTION = YES;
				GCC_WARN_UNUSED_VARIABLE = YES;
				IPHONEOS_DEPLOYMENT_TARGET = 12.1;
				MTL_ENABLE_DEBUG_INFO = INCLUDE_SOURCE;
				MTL_FAST_MATH = YES;
				ONLY_ACTIVE_ARCH = YES;
				SDKROOT = iphoneos;
				SWIFT_ACTIVE_COMPILATION_CONDITIONS = DEBUG;
				SWIFT_OPTIMIZATION_LEVEL = "-Onone";
			};
			name = Debug;
		};
		EE0A5404227E64AA000507CC /* Release */ = {
			isa = XCBuildConfiguration;
			buildSettings = {
				ALWAYS_SEARCH_USER_PATHS = NO;
				CLANG_ANALYZER_NONNULL = YES;
				CLANG_ANALYZER_NUMBER_OBJECT_CONVERSION = YES_AGGRESSIVE;
				CLANG_CXX_LANGUAGE_STANDARD = "gnu++14";
				CLANG_CXX_LIBRARY = "libc++";
				CLANG_ENABLE_MODULES = YES;
				CLANG_ENABLE_OBJC_ARC = YES;
				CLANG_ENABLE_OBJC_WEAK = YES;
				CLANG_WARN_BLOCK_CAPTURE_AUTORELEASING = YES;
				CLANG_WARN_BOOL_CONVERSION = YES;
				CLANG_WARN_COMMA = YES;
				CLANG_WARN_CONSTANT_CONVERSION = YES;
				CLANG_WARN_DEPRECATED_OBJC_IMPLEMENTATIONS = YES;
				CLANG_WARN_DIRECT_OBJC_ISA_USAGE = YES_ERROR;
				CLANG_WARN_DOCUMENTATION_COMMENTS = YES;
				CLANG_WARN_EMPTY_BODY = YES;
				CLANG_WARN_ENUM_CONVERSION = YES;
				CLANG_WARN_INFINITE_RECURSION = YES;
				CLANG_WARN_INT_CONVERSION = YES;
				CLANG_WARN_NON_LITERAL_NULL_CONVERSION = YES;
				CLANG_WARN_OBJC_IMPLICIT_RETAIN_SELF = YES;
				CLANG_WARN_OBJC_LITERAL_CONVERSION = YES;
				CLANG_WARN_OBJC_ROOT_CLASS = YES_ERROR;
				CLANG_WARN_RANGE_LOOP_ANALYSIS = YES;
				CLANG_WARN_STRICT_PROTOTYPES = YES;
				CLANG_WARN_SUSPICIOUS_MOVE = YES;
				CLANG_WARN_UNGUARDED_AVAILABILITY = YES_AGGRESSIVE;
				CLANG_WARN_UNREACHABLE_CODE = YES;
				CLANG_WARN__DUPLICATE_METHOD_MATCH = YES;
				CODE_SIGN_IDENTITY = "iPhone Developer";
				COPY_PHASE_STRIP = NO;
				DEBUG_INFORMATION_FORMAT = "dwarf-with-dsym";
				ENABLE_NS_ASSERTIONS = NO;
				ENABLE_STRICT_OBJC_MSGSEND = YES;
				GCC_C_LANGUAGE_STANDARD = gnu11;
				GCC_NO_COMMON_BLOCKS = YES;
				GCC_WARN_64_TO_32_BIT_CONVERSION = YES;
				GCC_WARN_ABOUT_RETURN_TYPE = YES_ERROR;
				GCC_WARN_UNDECLARED_SELECTOR = YES;
				GCC_WARN_UNINITIALIZED_AUTOS = YES_AGGRESSIVE;
				GCC_WARN_UNUSED_FUNCTION = YES;
				GCC_WARN_UNUSED_VARIABLE = YES;
				IPHONEOS_DEPLOYMENT_TARGET = 12.1;
				MTL_ENABLE_DEBUG_INFO = NO;
				MTL_FAST_MATH = YES;
				SDKROOT = iphoneos;
				SWIFT_COMPILATION_MODE = wholemodule;
				SWIFT_OPTIMIZATION_LEVEL = "-O";
				VALIDATE_PRODUCT = YES;
			};
			name = Release;
		};
		EE0A5406227E64AA000507CC /* Debug */ = {
			isa = XCBuildConfiguration;
			baseConfigurationReference = F872845748E56B1791A20CCD /* Pods-UCSDNEWS.debug.xcconfig */;
			buildSettings = {
				ASSETCATALOG_COMPILER_APPICON_NAME = AppIcon;
				CODE_SIGN_STYLE = Automatic;
				INFOPLIST_FILE = UCSDNEWS/Info.plist;
				LD_RUNPATH_SEARCH_PATHS = (
					"$(inherited)",
					"@executable_path/Frameworks",
				);
				PRODUCT_BUNDLE_IDENTIFIER = CodePathIOS.UCSDNEWS;
				PRODUCT_NAME = "$(TARGET_NAME)";
				SWIFT_VERSION = 4.2;
				TARGETED_DEVICE_FAMILY = "1,2";
			};
			name = Debug;
		};
		EE0A5407227E64AA000507CC /* Release */ = {
			isa = XCBuildConfiguration;
			baseConfigurationReference = 55DD9BD0B5F6DE4A5363D4A8 /* Pods-UCSDNEWS.release.xcconfig */;
			buildSettings = {
				ASSETCATALOG_COMPILER_APPICON_NAME = AppIcon;
				CODE_SIGN_STYLE = Automatic;
				INFOPLIST_FILE = UCSDNEWS/Info.plist;
				LD_RUNPATH_SEARCH_PATHS = (
					"$(inherited)",
					"@executable_path/Frameworks",
				);
				PRODUCT_BUNDLE_IDENTIFIER = CodePathIOS.UCSDNEWS;
				PRODUCT_NAME = "$(TARGET_NAME)";
				SWIFT_VERSION = 4.2;
				TARGETED_DEVICE_FAMILY = "1,2";
			};
			name = Release;
		};
		EE0A5409227E64AA000507CC /* Debug */ = {
			isa = XCBuildConfiguration;
			baseConfigurationReference = 7466E45BE8E0816CD6143B64 /* Pods-UCSDNEWSTests.debug.xcconfig */;
			buildSettings = {
				ALWAYS_EMBED_SWIFT_STANDARD_LIBRARIES = YES;
				BUNDLE_LOADER = "$(TEST_HOST)";
				CODE_SIGN_STYLE = Automatic;
				INFOPLIST_FILE = UCSDNEWSTests/Info.plist;
				LD_RUNPATH_SEARCH_PATHS = (
					"$(inherited)",
					"@executable_path/Frameworks",
					"@loader_path/Frameworks",
				);
				PRODUCT_BUNDLE_IDENTIFIER = CodePathIOS.UCSDNEWSTests;
				PRODUCT_NAME = "$(TARGET_NAME)";
				SWIFT_VERSION = 4.2;
				TARGETED_DEVICE_FAMILY = "1,2";
				TEST_HOST = "$(BUILT_PRODUCTS_DIR)/UCSDNEWS.app/UCSDNEWS";
			};
			name = Debug;
		};
		EE0A540A227E64AA000507CC /* Release */ = {
			isa = XCBuildConfiguration;
			baseConfigurationReference = 01996829C39CF1636110226B /* Pods-UCSDNEWSTests.release.xcconfig */;
			buildSettings = {
				ALWAYS_EMBED_SWIFT_STANDARD_LIBRARIES = YES;
				BUNDLE_LOADER = "$(TEST_HOST)";
				CODE_SIGN_STYLE = Automatic;
				INFOPLIST_FILE = UCSDNEWSTests/Info.plist;
				LD_RUNPATH_SEARCH_PATHS = (
					"$(inherited)",
					"@executable_path/Frameworks",
					"@loader_path/Frameworks",
				);
				PRODUCT_BUNDLE_IDENTIFIER = CodePathIOS.UCSDNEWSTests;
				PRODUCT_NAME = "$(TARGET_NAME)";
				SWIFT_VERSION = 4.2;
				TARGETED_DEVICE_FAMILY = "1,2";
				TEST_HOST = "$(BUILT_PRODUCTS_DIR)/UCSDNEWS.app/UCSDNEWS";
			};
			name = Release;
		};
		EE0A540C227E64AA000507CC /* Debug */ = {
			isa = XCBuildConfiguration;
			baseConfigurationReference = 693440B1BB5874596A7FE8E7 /* Pods-UCSDNEWSUITests.debug.xcconfig */;
			buildSettings = {
				ALWAYS_EMBED_SWIFT_STANDARD_LIBRARIES = YES;
				CODE_SIGN_STYLE = Automatic;
				INFOPLIST_FILE = UCSDNEWSUITests/Info.plist;
				LD_RUNPATH_SEARCH_PATHS = (
					"$(inherited)",
					"@executable_path/Frameworks",
					"@loader_path/Frameworks",
				);
				PRODUCT_BUNDLE_IDENTIFIER = CodePathIOS.UCSDNEWSUITests;
				PRODUCT_NAME = "$(TARGET_NAME)";
				SWIFT_VERSION = 4.2;
				TARGETED_DEVICE_FAMILY = "1,2";
				TEST_TARGET_NAME = UCSDNEWS;
			};
			name = Debug;
		};
		EE0A540D227E64AA000507CC /* Release */ = {
			isa = XCBuildConfiguration;
			baseConfigurationReference = 9C0940228234E4782B16AFFE /* Pods-UCSDNEWSUITests.release.xcconfig */;
			buildSettings = {
				ALWAYS_EMBED_SWIFT_STANDARD_LIBRARIES = YES;
				CODE_SIGN_STYLE = Automatic;
				INFOPLIST_FILE = UCSDNEWSUITests/Info.plist;
				LD_RUNPATH_SEARCH_PATHS = (
					"$(inherited)",
					"@executable_path/Frameworks",
					"@loader_path/Frameworks",
				);
				PRODUCT_BUNDLE_IDENTIFIER = CodePathIOS.UCSDNEWSUITests;
				PRODUCT_NAME = "$(TARGET_NAME)";
				SWIFT_VERSION = 4.2;
				TARGETED_DEVICE_FAMILY = "1,2";
				TEST_TARGET_NAME = UCSDNEWS;
			};
			name = Release;
		};
/* End XCBuildConfiguration section */

/* Begin XCConfigurationList section */
		EE0A53D8227E64A6000507CC /* Build configuration list for PBXProject "UCSDNEWS" */ = {
			isa = XCConfigurationList;
			buildConfigurations = (
				EE0A5403227E64AA000507CC /* Debug */,
				EE0A5404227E64AA000507CC /* Release */,
			);
			defaultConfigurationIsVisible = 0;
			defaultConfigurationName = Release;
		};
		EE0A5405227E64AA000507CC /* Build configuration list for PBXNativeTarget "UCSDNEWS" */ = {
			isa = XCConfigurationList;
			buildConfigurations = (
				EE0A5406227E64AA000507CC /* Debug */,
				EE0A5407227E64AA000507CC /* Release */,
			);
			defaultConfigurationIsVisible = 0;
			defaultConfigurationName = Release;
		};
		EE0A5408227E64AA000507CC /* Build configuration list for PBXNativeTarget "UCSDNEWSTests" */ = {
			isa = XCConfigurationList;
			buildConfigurations = (
				EE0A5409227E64AA000507CC /* Debug */,
				EE0A540A227E64AA000507CC /* Release */,
			);
			defaultConfigurationIsVisible = 0;
			defaultConfigurationName = Release;
		};
		EE0A540B227E64AA000507CC /* Build configuration list for PBXNativeTarget "UCSDNEWSUITests" */ = {
			isa = XCConfigurationList;
			buildConfigurations = (
				EE0A540C227E64AA000507CC /* Debug */,
				EE0A540D227E64AA000507CC /* Release */,
			);
			defaultConfigurationIsVisible = 0;
			defaultConfigurationName = Release;
		};
/* End XCConfigurationList section */
	};
	rootObject = EE0A53D5227E64A6000507CC /* Project object */;
}
