// !$*UTF8*$!
{
	archiveVersion = 1;
	classes = {
	};
	objectVersion = 50;
	objects = {

/* Begin PBXBuildFile section */
		EE0A53E1227E64A6000507CC /* AppDelegate.swift in Sources */ = {isa = PBXBuildFile; fileRef = EE0A53E0227E64A6000507CC /* AppDelegate.swift */; };
		EE0A53E6227E64A6000507CC /* Main.storyboard in Resources */ = {isa = PBXBuildFile; fileRef = EE0A53E4227E64A6000507CC /* Main.storyboard */; };
		EE0A53E8227E64A9000507CC /* Assets.xcassets in Resources */ = {isa = PBXBuildFile; fileRef = EE0A53E7227E64A9000507CC /* Assets.xcassets */; };
		EE0A53EB227E64A9000507CC /* LaunchScreen.storyboard in Resources */ = {isa = PBXBuildFile; fileRef = EE0A53E9227E64A9000507CC /* LaunchScreen.storyboard */; };
		EE0A53F6227E64AA000507CC /* UCSDNEWSTests.swift in Sources */ = {isa = PBXBuildFile; fileRef = EE0A53F5227E64AA000507CC /* UCSDNEWSTests.swift */; };
		EE0A5401227E64AA000507CC /* UCSDNEWSUITests.swift in Sources */ = {isa = PBXBuildFile; fileRef = EE0A5400227E64AA000507CC /* UCSDNEWSUITests.swift */; };
		EE0A540F227E7046000507CC /* MainViewController.swift in Sources */ = {isa = PBXBuildFile; fileRef = EE0A540E227E7046000507CC /* MainViewController.swift */; };
/* End PBXBuildFile section */

/* Begin PBXContainerItemProxy section */
		EE0A53F2227E64AA000507CC /* PBXContainerItemProxy */ = {
			isa = PBXContainerItemProxy;
			containerPortal = EE0A53D5227E64A6000507CC /* Project object */;
			proxyType = 1;
			remoteGlobalIDString = EE0A53DC227E64A6000507CC;
			remoteInfo = UCSDNEWS;
		};
		EE0A53FD227E64AA000507CC /* PBXContainerItemProxy */ = {
			isa = PBXContainerItemProxy;
			containerPortal = EE0A53D5227E64A6000507CC /* Project object */;
			proxyType = 1;
			remoteGlobalIDString = EE0A53DC227E64A6000507CC;
			remoteInfo = UCSDNEWS;
		};
/* End PBXContainerItemProxy section */

/* Begin PBXFileReference section */
		EE0A53DD227E64A6000507CC /* UCSDNEWS.app */ = {isa = PBXFileReference; explicitFileType = wrapper.application; includeInIndex = 0; path = UCSDNEWS.app; sourceTree = BUILT_PRODUCTS_DIR; };
		EE0A53E0227E64A6000507CC /* AppDelegate.swift */ = {isa = PBXFileReference; lastKnownFileType = sourcecode.swift; path = AppDelegate.swift; sourceTree = "<group>"; };
		EE0A53E5227E64A6000507CC /* Base */ = {isa = PBXFileReference; lastKnownFileType = file.storyboard; name = Base; path = Base.lproj/Main.storyboard; sourceTree = "<group>"; };
		EE0A53E7227E64A9000507CC /* Assets.xcassets */ = {isa = PBXFileReference; lastKnownFileType = folder.assetcatalog; path = Assets.xcassets; sourceTree = "<group>"; };
		EE0A53EA227E64A9000507CC /* Base */ = {isa = PBXFileReference; lastKnownFileType = file.storyboard; name = Base; path = Base.lproj/LaunchScreen.storyboard; sourceTree = "<group>"; };
		EE0A53EC227E64A9000507CC /* Info.plist */ = {isa = PBXFileReference; lastKnownFileType = text.plist.xml; path = Info.plist; sourceTree = "<group>"; };
		EE0A53F1227E64AA000507CC /* UCSDNEWSTests.xctest */ = {isa = PBXFileReference; explicitFileType = wrapper.cfbundle; includeInIndex = 0; path = UCSDNEWSTests.xctest; sourceTree = BUILT_PRODUCTS_DIR; };
		EE0A53F5227E64AA000507CC /* UCSDNEWSTests.swift */ = {isa = PBXFileReference; lastKnownFileType = sourcecode.swift; path = UCSDNEWSTests.swift; sourceTree = "<group>"; };
		EE0A53F7227E64AA000507CC /* Info.plist */ = {isa = PBXFileReference; lastKnownFileType = text.plist.xml; path = Info.plist; sourceTree = "<group>"; };
		EE0A53FC227E64AA000507CC /* UCSDNEWSUITests.xctest */ = {isa = PBXFileReference; explicitFileType = wrapper.cfbundle; includeInIndex = 0; path = UCSDNEWSUITests.xctest; sourceTree = BUILT_PRODUCTS_DIR; };
		EE0A5400227E64AA000507CC /* UCSDNEWSUITests.swift */ = {isa = PBXFileReference; lastKnownFileType = sourcecode.swift; path = UCSDNEWSUITests.swift; sourceTree = "<group>"; };
		EE0A5402227E64AA000507CC /* Info.plist */ = {isa = PBXFileReference; lastKnownFileType = text.plist.xml; path = Info.plist; sourceTree = "<group>"; };
		EE0A540E227E7046000507CC /* MainViewController.swift */ = {isa = PBXFileReference; lastKnownFileType = sourcecode.swift; path = MainViewController.swift; sourceTree = "<group>"; };
/* End PBXFileReference section */

/* Begin PBXFrameworksBuildPhase section */
		EE0A53DA227E64A6000507CC /* Frameworks */ = {
			isa = PBXFrameworksBuildPhase;
			buildActionMask = 2147483647;
			files = (
			);
			runOnlyForDeploymentPostprocessing = 0;
		};
		EE0A53EE227E64AA000507CC /* Frameworks */ = {
			isa = PBXFrameworksBuildPhase;
			buildActionMask = 2147483647;
			files = (
			);
			runOnlyForDeploymentPostprocessing = 0;
		};
		EE0A53F9227E64AA000507CC /* Frameworks */ = {
			isa = PBXFrameworksBuildPhase;
			buildActionMask = 2147483647;
			files = (
			);
			runOnlyForDeploymentPostprocessing = 0;
		};
/* End PBXFrameworksBuildPhase section */

/* Begin PBXGroup section */
		EE0A53D4227E64A6000507CC = {
			isa = PBXGroup;
			children = (
				EE0A53DF227E64A6000507CC /* UCSDNEWS */,
				EE0A53F4227E64AA000507CC /* UCSDNEWSTests */,
				EE0A53FF227E64AA000507CC /* UCSDNEWSUITests */,
				EE0A53DE227E64A6000507CC /* Products */,
			);
			sourceTree = "<group>";
		};
		EE0A53DE227E64A6000507CC /* Products */ = {
			isa = PBXGroup;
			children = (
				EE0A53DD227E64A6000507CC /* UCSDNEWS.app */,
				EE0A53F1227E64AA000507CC /* UCSDNEWSTests.xctest */,
				EE0A53FC227E64AA000507CC /* UCSDNEWSUITests.xctest */,
			);
			name = Products;
			sourceTree = "<group>";
		};
		EE0A53DF227E64A6000507CC /* UCSDNEWS */ = {
			isa = PBXGroup;
			children = (
				EE0A53E0227E64A6000507CC /* AppDelegate.swift */,
				EE0A53E4227E64A6000507CC /* Main.storyboard */,
				EE0A53E7227E64A9000507CC /* Assets.xcassets */,
				EE0A53E9227E64A9000507CC /* LaunchScreen.storyboard */,
				EE0A53EC227E64A9000507CC /* Info.plist */,
				EE0A540E227E7046000507CC /* MainViewController.swift */,
			);
			path = UCSDNEWS;
			sourceTree = "<group>";
		};
		EE0A53F4227E64AA000507CC /* UCSDNEWSTests */ = {
			isa = PBXGroup;
			children = (
				EE0A53F5227E64AA000507CC /* UCSDNEWSTests.swift */,
				EE0A53F7227E64AA000507CC /* Info.plist */,
			);
			path = UCSDNEWSTests;
			sourceTree = "<group>";
		};
		EE0A53FF227E64AA000507CC /* UCSDNEWSUITests */ = {
			isa = PBXGroup;
			children = (
				EE0A5400227E64AA000507CC /* UCSDNEWSUITests.swift */,
				EE0A5402227E64AA000507CC /* Info.plist */,
			);
			path = UCSDNEWSUITests;
			sourceTree = "<group>";
		};
/* End PBXGroup section */

/* Begin PBXNativeTarget section */
		EE0A53DC227E64A6000507CC /* UCSDNEWS */ = {
			isa = PBXNativeTarget;
			buildConfigurationList = EE0A5405227E64AA000507CC /* Build configuration list for PBXNativeTarget "UCSDNEWS" */;
			buildPhases = (
				EE0A53D9227E64A6000507CC /* Sources */,
				EE0A53DA227E64A6000507CC /* Frameworks */,
				EE0A53DB227E64A6000507CC /* Resources */,
			);
			buildRules = (
			);
			dependencies = (
			);
			name = UCSDNEWS;
			productName = UCSDNEWS;
			productReference = EE0A53DD227E64A6000507CC /* UCSDNEWS.app */;
			productType = "com.apple.product-type.application";
		};
		EE0A53F0227E64AA000507CC /* UCSDNEWSTests */ = {
			isa = PBXNativeTarget;
			buildConfigurationList = EE0A5408227E64AA000507CC /* Build configuration list for PBXNativeTarget "UCSDNEWSTests" */;
			buildPhases = (
				EE0A53ED227E64AA000507CC /* Sources */,
				EE0A53EE227E64AA000507CC /* Frameworks */,
				EE0A53EF227E64AA000507CC /* Resources */,
			);
			buildRules = (
			);
			dependencies = (
				EE0A53F3227E64AA000507CC /* PBXTargetDependency */,
			);
			name = UCSDNEWSTests;
			productName = UCSDNEWSTests;
			productReference = EE0A53F1227E64AA000507CC /* UCSDNEWSTests.xctest */;
			productType = "com.apple.product-type.bundle.unit-test";
		};
		EE0A53FB227E64AA000507CC /* UCSDNEWSUITests */ = {
			isa = PBXNativeTarget;
			buildConfigurationList = EE0A540B227E64AA000507CC /* Build configuration list for PBXNativeTarget "UCSDNEWSUITests" */;
			buildPhases = (
				EE0A53F8227E64AA000507CC /* Sources */,
				EE0A53F9227E64AA000507CC /* Frameworks */,
				EE0A53FA227E64AA000507CC /* Resources */,
			);
			buildRules = (
			);
			dependencies = (
				EE0A53FE227E64AA000507CC /* PBXTargetDependency */,
			);
			name = UCSDNEWSUITests;
			productName = UCSDNEWSUITests;
			productReference = EE0A53FC227E64AA000507CC /* UCSDNEWSUITests.xctest */;
			productType = "com.apple.product-type.bundle.ui-testing";
		};
/* End PBXNativeTarget section */

/* Begin PBXProject section */
		EE0A53D5227E64A6000507CC /* Project object */ = {
			isa = PBXProject;
			attributes = {
				LastSwiftUpdateCheck = 1010;
				LastUpgradeCheck = 1010;
				TargetAttributes = {
					EE0A53DC227E64A6000507CC = {
						CreatedOnToolsVersion = 10.1;
					};
					EE0A53F0227E64AA000507CC = {
						CreatedOnToolsVersion = 10.1;
						TestTargetID = EE0A53DC227E64A6000507CC;
					};
					EE0A53FB227E64AA000507CC = {
						CreatedOnToolsVersion = 10.1;
						TestTargetID = EE0A53DC227E64A6000507CC;
					};
				};
			};
			buildConfigurationList = EE0A53D8227E64A6000507CC /* Build configuration list for PBXProject "UCSDNEWS" */;
			compatibilityVersion = "Xcode 9.3";
			developmentRegion = en;
			hasScannedForEncodings = 0;
			knownRegions = (
				en,
				Base,
			);
			mainGroup = EE0A53D4227E64A6000507CC;
			productRefGroup = EE0A53DE227E64A6000507CC /* Products */;
			projectDirPath = "";
			projectRoot = "";
			targets = (
				EE0A53DC227E64A6000507CC /* UCSDNEWS */,
				EE0A53F0227E64AA000507CC /* UCSDNEWSTests */,
				EE0A53FB227E64AA000507CC /* UCSDNEWSUITests */,
			);
		};
/* End PBXProject section */

/* Begin PBXResourcesBuildPhase section */
		EE0A53DB227E64A6000507CC /* Resources */ = {
			isa = PBXResourcesBuildPhase;
			buildActionMask = 2147483647;
			files = (
				EE0A53EB227E64A9000507CC /* LaunchScreen.storyboard in Resources */,
				EE0A53E8227E64A9000507CC /* Assets.xcassets in Resources */,
				EE0A53E6227E64A6000507CC /* Main.storyboard in Resources */,
			);
			runOnlyForDeploymentPostprocessing = 0;
		};
		EE0A53EF227E64AA000507CC /* Resources */ = {
			isa = PBXResourcesBuildPhase;
			buildActionMask = 2147483647;
			files = (
			);
			runOnlyForDeploymentPostprocessing = 0;
		};
		EE0A53FA227E64AA000507CC /* Resources */ = {
			isa = PBXResourcesBuildPhase;
			buildActionMask = 2147483647;
			files = (
			);
			runOnlyForDeploymentPostprocessing = 0;
		};
/* End PBXResourcesBuildPhase section */

/* Begin PBXSourcesBuildPhase section */
		EE0A53D9227E64A6000507CC /* Sources */ = {
			isa = PBXSourcesBuildPhase;
			buildActionMask = 2147483647;
			files = (
				EE0A53E1227E64A6000507CC /* AppDelegate.swift in Sources */,
				EE0A540F227E7046000507CC /* MainViewController.swift in Sources */,
			);
			runOnlyForDeploymentPostprocessing = 0;
		};
		EE0A53ED227E64AA000507CC /* Sources */ = {
			isa = PBXSourcesBuildPhase;
			buildActionMask = 2147483647;
			files = (
				EE0A53F6227E64AA000507CC /* UCSDNEWSTests.swift in Sources */,
			);
			runOnlyForDeploymentPostprocessing = 0;
		};
		EE0A53F8227E64AA000507CC /* Sources */ = {
			isa = PBXSourcesBuildPhase;
			buildActionMask = 2147483647;
			files = (
				EE0A5401227E64AA000507CC /* UCSDNEWSUITests.swift in Sources */,
			);
			runOnlyForDeploymentPostprocessing = 0;
		};
/* End PBXSourcesBuildPhase section */

/* Begin PBXTargetDependency section */
		EE0A53F3227E64AA000507CC /* PBXTargetDependency */ = {
			isa = PBXTargetDependency;
			target = EE0A53DC227E64A6000507CC /* UCSDNEWS */;
			targetProxy = EE0A53F2227E64AA000507CC /* PBXContainerItemProxy */;
		};
		EE0A53FE227E64AA000507CC /* PBXTargetDependency */ = {
			isa = PBXTargetDependency;
			target = EE0A53DC227E64A6000507CC /* UCSDNEWS */;
			targetProxy = EE0A53FD227E64AA000507CC /* PBXContainerItemProxy */;
		};
/* End PBXTargetDependency section */

/* Begin PBXVariantGroup section */
		EE0A53E4227E64A6000507CC /* Main.storyboard */ = {
			isa = PBXVariantGroup;
			children = (
				EE0A53E5227E64A6000507CC /* Base */,
			);
			name = Main.storyboard;
			sourceTree = "<group>";
		};
		EE0A53E9227E64A9000507CC /* LaunchScreen.storyboard */ = {
			isa = PBXVariantGroup;
			children = (
				EE0A53EA227E64A9000507CC /* Base */,
			);
			name = LaunchScreen.storyboard;
			sourceTree = "<group>";
		};
/* End PBXVariantGroup section */

/* Begin XCBuildConfiguration section */
		EE0A5403227E64AA000507CC /* Debug */ = {
			isa = XCBuildConfiguration;
			buildSettings = {
				ALWAYS_SEARCH_USER_PATHS = NO;
				CLANG_ANALYZER_NONNULL = YES;
				CLANG_ANALYZER_NUMBER_OBJECT_CONVERSION = YES_AGGRESSIVE;
				CLANG_CXX_LANGUAGE_STANDARD = "gnu++14";
				CLANG_CXX_LIBRARY = "libc++";
				CLANG_ENABLE_MODULES = YES;
				CLANG_ENABLE_OBJC_ARC = YES;
				CLANG_ENABLE_OBJC_WEAK = YES;
				CLANG_WARN_BLOCK_CAPTURE_AUTORELEASING = YES;
				CLANG_WARN_BOOL_CONVERSION = YES;
				CLANG_WARN_COMMA = YES;
				CLANG_WARN_CONSTANT_CONVERSION = YES;
				CLANG_WARN_DEPRECATED_OBJC_IMPLEMENTATIONS = YES;
				CLANG_WARN_DIRECT_OBJC_ISA_USAGE = YES_ERROR;
				CLANG_WARN_DOCUMENTATION_COMMENTS = YES;
				CLANG_WARN_EMPTY_BODY = YES;
				CLANG_WARN_ENUM_CONVERSION = YES;
				CLANG_WARN_INFINITE_RECURSION = YES;
				CLANG_WARN_INT_CONVERSION = YES;
				CLANG_WARN_NON_LITERAL_NULL_CONVERSION = YES;
				CLANG_WARN_OBJC_IMPLICIT_RETAIN_SELF = YES;
				CLANG_WARN_OBJC_LITERAL_CONVERSION = YES;
				CLANG_WARN_OBJC_ROOT_CLASS = YES_ERROR;
				CLANG_WARN_RANGE_LOOP_ANALYSIS = YES;
				CLANG_WARN_STRICT_PROTOTYPES = YES;
				CLANG_WARN_SUSPICIOUS_MOVE = YES;
				CLANG_WARN_UNGUARDED_AVAILABILITY = YES_AGGRESSIVE;
				CLANG_WARN_UNREACHABLE_CODE = YES;
				CLANG_WARN__DUPLICATE_METHOD_MATCH = YES;
				CODE_SIGN_IDENTITY = "iPhone Developer";
				COPY_PHASE_STRIP = NO;
				DEBUG_INFORMATION_FORMAT = dwarf;
				ENABLE_STRICT_OBJC_MSGSEND = YES;
				ENABLE_TESTABILITY = YES;
				GCC_C_LANGUAGE_STANDARD = gnu11;
				GCC_DYNAMIC_NO_PIC = NO;
				GCC_NO_COMMON_BLOCKS = YES;
				GCC_OPTIMIZATION_LEVEL = 0;
				GCC_PREPROCESSOR_DEFINITIONS = (
					"DEBUG=1",
					"$(inherited)",
				);
				GCC_WARN_64_TO_32_BIT_CONVERSION = YES;
				GCC_WARN_ABOUT_RETURN_TYPE = YES_ERROR;
				GCC_WARN_UNDECLARED_SELECTOR = YES;
				GCC_WARN_UNINITIALIZED_AUTOS = YES_AGGRESSIVE;
				GCC_WARN_UNUSED_FUNCTION = YES;
				GCC_WARN_UNUSED_VARIABLE = YES;
				IPHONEOS_DEPLOYMENT_TARGET = 12.1;
				MTL_ENABLE_DEBUG_INFO = INCLUDE_SOURCE;
				MTL_FAST_MATH = YES;
				ONLY_ACTIVE_ARCH = YES;
				SDKROOT = iphoneos;
				SWIFT_ACTIVE_COMPILATION_CONDITIONS = DEBUG;
				SWIFT_OPTIMIZATION_LEVEL = "-Onone";
			};
			name = Debug;
		};
		EE0A5404227E64AA000507CC /* Release */ = {
			isa = XCBuildConfiguration;
			buildSettings = {
				ALWAYS_SEARCH_USER_PATHS = NO;
				CLANG_ANALYZER_NONNULL = YES;
				CLANG_ANALYZER_NUMBER_OBJECT_CONVERSION = YES_AGGRESSIVE;
				CLANG_CXX_LANGUAGE_STANDARD = "gnu++14";
				CLANG_CXX_LIBRARY = "libc++";
				CLANG_ENABLE_MODULES = YES;
				CLANG_ENABLE_OBJC_ARC = YES;
				CLANG_ENABLE_OBJC_WEAK = YES;
				CLANG_WARN_BLOCK_CAPTURE_AUTORELEASING = YES;
				CLANG_WARN_BOOL_CONVERSION = YES;
				CLANG_WARN_COMMA = YES;
				CLANG_WARN_CONSTANT_CONVERSION = YES;
				CLANG_WARN_DEPRECATED_OBJC_IMPLEMENTATIONS = YES;
				CLANG_WARN_DIRECT_OBJC_ISA_USAGE = YES_ERROR;
				CLANG_WARN_DOCUMENTATION_COMMENTS = YES;
				CLANG_WARN_EMPTY_BODY = YES;
				CLANG_WARN_ENUM_CONVERSION = YES;
				CLANG_WARN_INFINITE_RECURSION = YES;
				CLANG_WARN_INT_CONVERSION = YES;
				CLANG_WARN_NON_LITERAL_NULL_CONVERSION = YES;
				CLANG_WARN_OBJC_IMPLICIT_RETAIN_SELF = YES;
				CLANG_WARN_OBJC_LITERAL_CONVERSION = YES;
				CLANG_WARN_OBJC_ROOT_CLASS = YES_ERROR;
				CLANG_WARN_RANGE_LOOP_ANALYSIS = YES;
				CLANG_WARN_STRICT_PROTOTYPES = YES;
				CLANG_WARN_SUSPICIOUS_MOVE = YES;
				CLANG_WARN_UNGUARDED_AVAILABILITY = YES_AGGRESSIVE;
				CLANG_WARN_UNREACHABLE_CODE = YES;
				CLANG_WARN__DUPLICATE_METHOD_MATCH = YES;
				CODE_SIGN_IDENTITY = "iPhone Developer";
				COPY_PHASE_STRIP = NO;
				DEBUG_INFORMATION_FORMAT = "dwarf-with-dsym";
				ENABLE_NS_ASSERTIONS = NO;
				ENABLE_STRICT_OBJC_MSGSEND = YES;
				GCC_C_LANGUAGE_STANDARD = gnu11;
				GCC_NO_COMMON_BLOCKS = YES;
				GCC_WARN_64_TO_32_BIT_CONVERSION = YES;
				GCC_WARN_ABOUT_RETURN_TYPE = YES_ERROR;
				GCC_WARN_UNDECLARED_SELECTOR = YES;
				GCC_WARN_UNINITIALIZED_AUTOS = YES_AGGRESSIVE;
				GCC_WARN_UNUSED_FUNCTION = YES;
				GCC_WARN_UNUSED_VARIABLE = YES;
				IPHONEOS_DEPLOYMENT_TARGET = 12.1;
				MTL_ENABLE_DEBUG_INFO = NO;
				MTL_FAST_MATH = YES;
				SDKROOT = iphoneos;
				SWIFT_COMPILATION_MODE = wholemodule;
				SWIFT_OPTIMIZATION_LEVEL = "-O";
				VALIDATE_PRODUCT = YES;
			};
			name = Release;
		};
		EE0A5406227E64AA000507CC /* Debug */ = {
			isa = XCBuildConfiguration;
			buildSettings = {
				ASSETCATALOG_COMPILER_APPICON_NAME = AppIcon;
				CODE_SIGN_STYLE = Automatic;
				INFOPLIST_FILE = UCSDNEWS/Info.plist;
				LD_RUNPATH_SEARCH_PATHS = (
					"$(inherited)",
					"@executable_path/Frameworks",
				);
				PRODUCT_BUNDLE_IDENTIFIER = CodePathIOS.UCSDNEWS;
				PRODUCT_NAME = "$(TARGET_NAME)";
				SWIFT_VERSION = 4.2;
				TARGETED_DEVICE_FAMILY = "1,2";
			};
			name = Debug;
		};
		EE0A5407227E64AA000507CC /* Release */ = {
			isa = XCBuildConfiguration;
			buildSettings = {
				ASSETCATALOG_COMPILER_APPICON_NAME = AppIcon;
				CODE_SIGN_STYLE = Automatic;
				INFOPLIST_FILE = UCSDNEWS/Info.plist;
				LD_RUNPATH_SEARCH_PATHS = (
					"$(inherited)",
					"@executable_path/Frameworks",
				);
				PRODUCT_BUNDLE_IDENTIFIER = CodePathIOS.UCSDNEWS;
				PRODUCT_NAME = "$(TARGET_NAME)";
				SWIFT_VERSION = 4.2;
				TARGETED_DEVICE_FAMILY = "1,2";
			};
			name = Release;
		};
		EE0A5409227E64AA000507CC /* Debug */ = {
			isa = XCBuildConfiguration;
			buildSettings = {
				ALWAYS_EMBED_SWIFT_STANDARD_LIBRARIES = YES;
				BUNDLE_LOADER = "$(TEST_HOST)";
				CODE_SIGN_STYLE = Automatic;
				INFOPLIST_FILE = UCSDNEWSTests/Info.plist;
				LD_RUNPATH_SEARCH_PATHS = (
					"$(inherited)",
					"@executable_path/Frameworks",
					"@loader_path/Frameworks",
				);
				PRODUCT_BUNDLE_IDENTIFIER = CodePathIOS.UCSDNEWSTests;
				PRODUCT_NAME = "$(TARGET_NAME)";
				SWIFT_VERSION = 4.2;
				TARGETED_DEVICE_FAMILY = "1,2";
				TEST_HOST = "$(BUILT_PRODUCTS_DIR)/UCSDNEWS.app/UCSDNEWS";
			};
			name = Debug;
		};
		EE0A540A227E64AA000507CC /* Release */ = {
			isa = XCBuildConfiguration;
			buildSettings = {
				ALWAYS_EMBED_SWIFT_STANDARD_LIBRARIES = YES;
				BUNDLE_LOADER = "$(TEST_HOST)";
				CODE_SIGN_STYLE = Automatic;
				INFOPLIST_FILE = UCSDNEWSTests/Info.plist;
				LD_RUNPATH_SEARCH_PATHS = (
					"$(inherited)",
					"@executable_path/Frameworks",
					"@loader_path/Frameworks",
				);
				PRODUCT_BUNDLE_IDENTIFIER = CodePathIOS.UCSDNEWSTests;
				PRODUCT_NAME = "$(TARGET_NAME)";
				SWIFT_VERSION = 4.2;
				TARGETED_DEVICE_FAMILY = "1,2";
				TEST_HOST = "$(BUILT_PRODUCTS_DIR)/UCSDNEWS.app/UCSDNEWS";
			};
			name = Release;
		};
		EE0A540C227E64AA000507CC /* Debug */ = {
			isa = XCBuildConfiguration;
			buildSettings = {
				ALWAYS_EMBED_SWIFT_STANDARD_LIBRARIES = YES;
				CODE_SIGN_STYLE = Automatic;
				INFOPLIST_FILE = UCSDNEWSUITests/Info.plist;
				LD_RUNPATH_SEARCH_PATHS = (
					"$(inherited)",
					"@executable_path/Frameworks",
					"@loader_path/Frameworks",
				);
				PRODUCT_BUNDLE_IDENTIFIER = CodePathIOS.UCSDNEWSUITests;
				PRODUCT_NAME = "$(TARGET_NAME)";
				SWIFT_VERSION = 4.2;
				TARGETED_DEVICE_FAMILY = "1,2";
				TEST_TARGET_NAME = UCSDNEWS;
			};
			name = Debug;
		};
		EE0A540D227E64AA000507CC /* Release */ = {
			isa = XCBuildConfiguration;
			buildSettings = {
				ALWAYS_EMBED_SWIFT_STANDARD_LIBRARIES = YES;
				CODE_SIGN_STYLE = Automatic;
				INFOPLIST_FILE = UCSDNEWSUITests/Info.plist;
				LD_RUNPATH_SEARCH_PATHS = (
					"$(inherited)",
					"@executable_path/Frameworks",
					"@loader_path/Frameworks",
				);
				PRODUCT_BUNDLE_IDENTIFIER = CodePathIOS.UCSDNEWSUITests;
				PRODUCT_NAME = "$(TARGET_NAME)";
				SWIFT_VERSION = 4.2;
				TARGETED_DEVICE_FAMILY = "1,2";
				TEST_TARGET_NAME = UCSDNEWS;
			};
			name = Release;
		};
/* End XCBuildConfiguration section */

/* Begin XCConfigurationList section */
		EE0A53D8227E64A6000507CC /* Build configuration list for PBXProject "UCSDNEWS" */ = {
			isa = XCConfigurationList;
			buildConfigurations = (
				EE0A5403227E64AA000507CC /* Debug */,
				EE0A5404227E64AA000507CC /* Release */,
			);
			defaultConfigurationIsVisible = 0;
			defaultConfigurationName = Release;
		};
		EE0A5405227E64AA000507CC /* Build configuration list for PBXNativeTarget "UCSDNEWS" */ = {
			isa = XCConfigurationList;
			buildConfigurations = (
				EE0A5406227E64AA000507CC /* Debug */,
				EE0A5407227E64AA000507CC /* Release */,
			);
			defaultConfigurationIsVisible = 0;
			defaultConfigurationName = Release;
		};
		EE0A5408227E64AA000507CC /* Build configuration list for PBXNativeTarget "UCSDNEWSTests" */ = {
			isa = XCConfigurationList;
			buildConfigurations = (
				EE0A5409227E64AA000507CC /* Debug */,
				EE0A540A227E64AA000507CC /* Release */,
			);
			defaultConfigurationIsVisible = 0;
			defaultConfigurationName = Release;
		};
		EE0A540B227E64AA000507CC /* Build configuration list for PBXNativeTarget "UCSDNEWSUITests" */ = {
			isa = XCConfigurationList;
			buildConfigurations = (
				EE0A540C227E64AA000507CC /* Debug */,
				EE0A540D227E64AA000507CC /* Release */,
			);
			defaultConfigurationIsVisible = 0;
			defaultConfigurationName = Release;
		};
/* End XCConfigurationList section */
	};
	rootObject = EE0A53D5227E64A6000507CC /* Project object */;
}
